
Microsoft Visual Studio Solution File, Format Version 12.00
# Visual Studio Version 17
VisualStudioVersion = 17.10.35027.167
MinimumVisualStudioVersion = 10.0.40219.1
Project("{9A19103F-16F7-4668-BE54-9A1E7A4F7556}") = "WebAPI", "WebAPI\WebAPI.csproj", "{C05E03A9-5042-4419-8B3D-3A3DD4AE446C}"
EndProject
Project("{9A19103F-16F7-4668-BE54-9A1E7A4F7556}") = "Common", "Common\Common.csproj", "{13EB2C11-0D15-45EB-B098-A1CEE1B8881A}"
EndProject
Project("{9A19103F-16F7-4668-BE54-9A1E7A4F7556}") = "Extensions", "Extensions\Extensions.csproj", "{6F531AA2-3292-4F67-8A83-DABB9D3EB879}"
EndProject
Project("{9A19103F-16F7-4668-BE54-9A1E7A4F7556}") = "Model", "Model\Model.csproj", "{51834560-C2B9-4BB4-892F-3BF4384DD51B}"
EndProject
Project("{9A19103F-16F7-4668-BE54-9A1E7A4F7556}") = "Repository", "Repository\Repository.csproj", "{96EACA5A-FA9A-44DF-8BC4-1FB0DB1E76F3}"
EndProject
Project("{9A19103F-16F7-4668-BE54-9A1E7A4F7556}") = "Services", "Services\Services.csproj", "{3F5D6E6B-C046-4904-B35F-951CFBB6238C}"
EndProject
Project("{9A19103F-16F7-4668-BE54-9A1E7A4F7556}") = "IServices", "IServices\IServices.csproj", "{61CEAFFC-54C5-4F9F-AACA-BDD5874C8CDD}"
EndProject
Project("{2150E333-8FDC-42A3-9474-1A3956D46DE8}") = "解决方案项", "解决方案项", "{65E5AE01-695E-4667-9BFC-509EDBD63B5D}"
	ProjectSection(SolutionItems) = preProject
		Directory.Packages.props = Directory.Packages.props
	EndProjectSection
EndProject
Global
	GlobalSection(SolutionConfigurationPlatforms) = preSolution
		Debug|Any CPU = Debug|Any CPU
		Release|Any CPU = Release|Any CPU
	EndGlobalSection
	GlobalSection(ProjectConfigurationPlatforms) = postSolution
		{C05E03A9-5042-4419-8B3D-3A3DD4AE446C}.Debug|Any CPU.ActiveCfg = Debug|Any CPU
		{C05E03A9-5042-4419-8B3D-3A3DD4AE446C}.Debug|Any CPU.Build.0 = Debug|Any CPU
		{C05E03A9-5042-4419-8B3D-3A3DD4AE446C}.Release|Any CPU.ActiveCfg = Release|Any CPU
		{C05E03A9-5042-4419-8B3D-3A3DD4AE446C}.Release|Any CPU.Build.0 = Release|Any CPU
		{13EB2C11-0D15-45EB-B098-A1CEE1B8881A}.Debug|Any CPU.ActiveCfg = Debug|Any CPU
		{13EB2C11-0D15-45EB-B098-A1CEE1B8881A}.Debug|Any CPU.Build.0 = Debug|Any CPU
		{13EB2C11-0D15-45EB-B098-A1CEE1B8881A}.Release|Any CPU.ActiveCfg = Release|Any CPU
		{13EB2C11-0D15-45EB-B098-A1CEE1B8881A}.Release|Any CPU.Build.0 = Release|Any CPU
		{6F531AA2-3292-4F67-8A83-DABB9D3EB879}.Debug|Any CPU.ActiveCfg = Debug|Any CPU
		{6F531AA2-3292-4F67-8A83-DABB9D3EB879}.Debug|Any CPU.Build.0 = Debug|Any CPU
		{6F531AA2-3292-4F67-8A83-DABB9D3EB879}.Release|Any CPU.ActiveCfg = Release|Any CPU
		{6F531AA2-3292-4F67-8A83-DABB9D3EB879}.Release|Any CPU.Build.0 = Release|Any CPU
		{51834560-C2B9-4BB4-892F-3BF4384DD51B}.Debug|Any CPU.ActiveCfg = Debug|Any CPU
		{51834560-C2B9-4BB4-892F-3BF4384DD51B}.Debug|Any CPU.Build.0 = Debug|Any CPU
		{51834560-C2B9-4BB4-892F-3BF4384DD51B}.Release|Any CPU.ActiveCfg = Release|Any CPU
		{51834560-C2B9-4BB4-892F-3BF4384DD51B}.Release|Any CPU.Build.0 = Release|Any CPU
		{96EACA5A-FA9A-44DF-8BC4-1FB0DB1E76F3}.Debug|Any CPU.ActiveCfg = Debug|Any CPU
		{96EACA5A-FA9A-44DF-8BC4-1FB0DB1E76F3}.Debug|Any CPU.Build.0 = Debug|Any CPU
		{96EACA5A-FA9A-44DF-8BC4-1FB0DB1E76F3}.Release|Any CPU.ActiveCfg = Release|Any CPU
		{96EACA5A-FA9A-44DF-8BC4-1FB0DB1E76F3}.Release|Any CPU.Build.0 = Release|Any CPU
		{3F5D6E6B-C046-4904-B35F-951CFBB6238C}.Debug|Any CPU.ActiveCfg = Debug|Any CPU
		{3F5D6E6B-C046-4904-B35F-951CFBB6238C}.Debug|Any CPU.Build.0 = Debug|Any CPU
		{3F5D6E6B-C046-4904-B35F-951CFBB6238C}.Release|Any CPU.ActiveCfg = Release|Any CPU
		{3F5D6E6B-C046-4904-B35F-951CFBB6238C}.Release|Any CPU.Build.0 = Release|Any CPU
		{61CEAFFC-54C5-4F9F-AACA-BDD5874C8CDD}.Debug|Any CPU.ActiveCfg = Debug|Any CPU
		{61CEAFFC-54C5-4F9F-AACA-BDD5874C8CDD}.Debug|Any CPU.Build.0 = Debug|Any CPU
		{61CEAFFC-54C5-4F9F-AACA-BDD5874C8CDD}.Release|Any CPU.ActiveCfg = Release|Any CPU
		{61CEAFFC-54C5-4F9F-AACA-BDD5874C8CDD}.Release|Any CPU.Build.0 = Release|Any CPU
	EndGlobalSection
	GlobalSection(SolutionProperties) = preSolution
		HideSolutionNode = FALSE
	EndGlobalSection
	GlobalSection(ExtensibilityGlobals) = postSolution
		SolutionGuid = {2A626119-630F-49D1-8287-4C199D6BF710}
	EndGlobalSection
EndGlobal
