
Microsoft Visual Studio Solution File, Format Version 12.00
# Visual Studio Version 17
VisualStudioVersion = 17.9.34622.214
MinimumVisualStudioVersion = 10.0.40219.1
Project("{9A19103F-16F7-4668-BE54-9A1E7A4F7556}") = "BasicCommonProject", "BasicCommonProject.csproj", "{4E385E62-E744-481F-A4B7-71275805CEB3}"
EndProject
Project("{9A19103F-16F7-4668-BE54-9A1E7A4F7556}") = "Extensions", "..\Extensions\Extensions.csproj", "{130AA4E4-778D-42D8-A066-38B3F8C8794A}"
EndProject
Project("{9A19103F-16F7-4668-BE54-9A1E7A4F7556}") = "Common", "..\Common\Common.csproj", "{59D10D47-21FB-4FE5-A55C-0B035DCB9EB4}"
EndProject
Project("{9A19103F-16F7-4668-BE54-9A1E7A4F7556}") = "IServices", "..\IServices\IServices.csproj", "{5A4A18E0-AE12-4490-A1C1-1281BA548AFC}"
EndProject
Project("{9A19103F-16F7-4668-BE54-9A1E7A4F7556}") = "Services", "..\Services\Services.csproj", "{C1AF0179-19DB-40BB-A3F2-923A520FBE36}"
EndProject
Project("{9A19103F-16F7-4668-BE54-9A1E7A4F7556}") = "Model", "..\Model\Model.csproj", "{28FA4FBA-C3D7-48E5-B9BF-F2EBEE5ED00D}"
EndProject
Project("{9A19103F-16F7-4668-BE54-9A1E7A4F7556}") = "Repository", "..\Repository\Repository.csproj", "{0D2C9C94-9E48-4AAC-BAEA-196A2A8D0625}"
EndProject
Project("{2150E333-8FDC-42A3-9474-1A3956D46DE8}") = "解决方案项", "解决方案项", "{71CA8138-5054-4C9C-B54C-ACAD43EEAC29}"
	ProjectSection(SolutionItems) = preProject
		..\Directory.Packages.props = ..\Directory.Packages.props
	EndProjectSection
EndProject
Global
	GlobalSection(SolutionConfigurationPlatforms) = preSolution
		Debug|Any CPU = Debug|Any CPU
		Release|Any CPU = Release|Any CPU
	EndGlobalSection
	GlobalSection(ProjectConfigurationPlatforms) = postSolution
		{4E385E62-E744-481F-A4B7-71275805CEB3}.Debug|Any CPU.ActiveCfg = Debug|Any CPU
		{4E385E62-E744-481F-A4B7-71275805CEB3}.Debug|Any CPU.Build.0 = Debug|Any CPU
		{4E385E62-E744-481F-A4B7-71275805CEB3}.Release|Any CPU.ActiveCfg = Release|Any CPU
		{4E385E62-E744-481F-A4B7-71275805CEB3}.Release|Any CPU.Build.0 = Release|Any CPU
		{130AA4E4-778D-42D8-A066-38B3F8C8794A}.Debug|Any CPU.ActiveCfg = Debug|Any CPU
		{130AA4E4-778D-42D8-A066-38B3F8C8794A}.Debug|Any CPU.Build.0 = Debug|Any CPU
		{130AA4E4-778D-42D8-A066-38B3F8C8794A}.Release|Any CPU.ActiveCfg = Release|Any CPU
		{130AA4E4-778D-42D8-A066-38B3F8C8794A}.Release|Any CPU.Build.0 = Release|Any CPU
		{59D10D47-21FB-4FE5-A55C-0B035DCB9EB4}.Debug|Any CPU.ActiveCfg = Debug|Any CPU
		{59D10D47-21FB-4FE5-A55C-0B035DCB9EB4}.Debug|Any CPU.Build.0 = Debug|Any CPU
		{59D10D47-21FB-4FE5-A55C-0B035DCB9EB4}.Release|Any CPU.ActiveCfg = Release|Any CPU
		{59D10D47-21FB-4FE5-A55C-0B035DCB9EB4}.Release|Any CPU.Build.0 = Release|Any CPU
		{5A4A18E0-AE12-4490-A1C1-1281BA548AFC}.Debug|Any CPU.ActiveCfg = Debug|Any CPU
		{5A4A18E0-AE12-4490-A1C1-1281BA548AFC}.Debug|Any CPU.Build.0 = Debug|Any CPU
		{5A4A18E0-AE12-4490-A1C1-1281BA548AFC}.Release|Any CPU.ActiveCfg = Release|Any CPU
		{5A4A18E0-AE12-4490-A1C1-1281BA548AFC}.Release|Any CPU.Build.0 = Release|Any CPU
		{C1AF0179-19DB-40BB-A3F2-923A520FBE36}.Debug|Any CPU.ActiveCfg = Debug|Any CPU
		{C1AF0179-19DB-40BB-A3F2-923A520FBE36}.Debug|Any CPU.Build.0 = Debug|Any CPU
		{C1AF0179-19DB-40BB-A3F2-923A520FBE36}.Release|Any CPU.ActiveCfg = Release|Any CPU
		{C1AF0179-19DB-40BB-A3F2-923A520FBE36}.Release|Any CPU.Build.0 = Release|Any CPU
		{28FA4FBA-C3D7-48E5-B9BF-F2EBEE5ED00D}.Debug|Any CPU.ActiveCfg = Debug|Any CPU
		{28FA4FBA-C3D7-48E5-B9BF-F2EBEE5ED00D}.Debug|Any CPU.Build.0 = Debug|Any CPU
		{28FA4FBA-C3D7-48E5-B9BF-F2EBEE5ED00D}.Release|Any CPU.ActiveCfg = Release|Any CPU
		{28FA4FBA-C3D7-48E5-B9BF-F2EBEE5ED00D}.Release|Any CPU.Build.0 = Release|Any CPU
		{0D2C9C94-9E48-4AAC-BAEA-196A2A8D0625}.Debug|Any CPU.ActiveCfg = Debug|Any CPU
		{0D2C9C94-9E48-4AAC-BAEA-196A2A8D0625}.Debug|Any CPU.Build.0 = Debug|Any CPU
		{0D2C9C94-9E48-4AAC-BAEA-196A2A8D0625}.Release|Any CPU.ActiveCfg = Release|Any CPU
		{0D2C9C94-9E48-4AAC-BAEA-196A2A8D0625}.Release|Any CPU.Build.0 = Release|Any CPU
	EndGlobalSection
	GlobalSection(SolutionProperties) = preSolution
		HideSolutionNode = FALSE
	EndGlobalSection
	GlobalSection(ExtensibilityGlobals) = postSolution
		SolutionGuid = {5194157E-F72D-4606-BB5A-4C2619CE57DF}
	EndGlobalSection
EndGlobal
